
Microsoft Visual Studio Solution File, Format Version 12.00
# Visual Studio Version 17
VisualStudioVersion = 17.8.34525.116
MinimumVisualStudioVersion = 10.0.40219.1
Project("{9A19103F-16F7-4668-BE54-9A1E7A4F7556}") = "BlackRise.Identity", "BlackRise.Identity\BlackRise.Identity.csproj", "{969BF751-4DB3-4208-805F-954678E21A66}"
EndProject
Project("{2150E333-8FDC-42A3-9474-1A3956D46DE8}") = "src", "src", "{D1BC6FDD-A2FE-4B69-9837-DC865C9DF015}"
EndProject
Project("{2150E333-8FDC-42A3-9474-1A3956D46DE8}") = "tests", "tests", "{66F6D664-E136-4E10-9CF6-FFB5AA10FB37}"
EndProject
Project("{2150E333-8FDC-42A3-9474-1A3956D46DE8}") = "API", "API", "{3B41A948-0FA1-4F6F-A2A8-CA6E5ED5283E}"
EndProject
Project("{2150E333-8FDC-42A3-9474-1A3956D46DE8}") = "Core", "Core", "{59D73042-38A3-4CF2-B94B-F2718A045F32}"
EndProject
Project("{2150E333-8FDC-42A3-9474-1A3956D46DE8}") = "Infrastructure", "Infrastructure", "{1BC12F66-CC6E-4B8A-B2C3-E69D337C1C5C}"
EndProject
Project("{9A19103F-16F7-4668-BE54-9A1E7A4F7556}") = "BlackRise.Identity.Domain", "BlackRise.Identity.Domain\BlackRise.Identity.Domain.csproj", "{0966E386-5C01-4637-9869-51E3D96E18E0}"
EndProject
Project("{9A19103F-16F7-4668-BE54-9A1E7A4F7556}") = "BlackRise.Identity.Application", "BlackRise.Identity.Application\BlackRise.Identity.Application.csproj", "{CEF9CE1B-51FB-4808-8BBE-A33C11522E82}"
EndProject
Project("{9A19103F-16F7-4668-BE54-9A1E7A4F7556}") = "BlackRise.Identity.Persistence", "BlackRise.Identity.Persistence\BlackRise.Identity.Persistence.csproj", "{6FD1EB17-B6C6-4174-BE24-F762F7048F8D}"
EndProject
Project("{2150E333-8FDC-42A3-9474-1A3956D46DE8}") = "Solution Items", "Solution Items", "{DE666CE2-CA4E-4340-AC4E-6DD78A3EC574}"
	ProjectSection(SolutionItems) = preProject
		.editorconfig = .editorconfig
	EndProjectSection
EndProject
Project("{9A19103F-16F7-4668-BE54-9A1E7A4F7556}") = "BlackRise.Identity.HttpClient", "BlackRise.Identity.HttpClient\BlackRise.Identity.HttpClient.csproj", "{E908BD7F-4D22-47BA-8DE7-45F44F559CC5}"
EndProject
Project("{2150E333-8FDC-42A3-9474-1A3956D46DE8}") = ".github", ".github", "{D411D362-5286-49A5-8F5F-BAFDE5E82F6E}"
EndProject
Project("{2150E333-8FDC-42A3-9474-1A3956D46DE8}") = "workflows", "workflows", "{DBF9793D-9534-47D8-AB39-736F74A43F2F}"
	ProjectSection(SolutionItems) = preProject
		deploy.yml = deploy.yml
	EndProjectSection
EndProject
Global
	GlobalSection(SolutionConfigurationPlatforms) = preSolution
		Debug|Any CPU = Debug|Any CPU
		Release|Any CPU = Release|Any CPU
	EndGlobalSection
	GlobalSection(ProjectConfigurationPlatforms) = postSolution
		{969BF751-4DB3-4208-805F-954678E21A66}.Debug|Any CPU.ActiveCfg = Debug|Any CPU
		{969BF751-4DB3-4208-805F-954678E21A66}.Debug|Any CPU.Build.0 = Debug|Any CPU
		{969BF751-4DB3-4208-805F-954678E21A66}.Release|Any CPU.ActiveCfg = Release|Any CPU
		{969BF751-4DB3-4208-805F-954678E21A66}.Release|Any CPU.Build.0 = Release|Any CPU
		{0966E386-5C01-4637-9869-51E3D96E18E0}.Debug|Any CPU.ActiveCfg = Debug|Any CPU
		{0966E386-5C01-4637-9869-51E3D96E18E0}.Debug|Any CPU.Build.0 = Debug|Any CPU
		{0966E386-5C01-4637-9869-51E3D96E18E0}.Release|Any CPU.ActiveCfg = Release|Any CPU
		{0966E386-5C01-4637-9869-51E3D96E18E0}.Release|Any CPU.Build.0 = Release|Any CPU
		{CEF9CE1B-51FB-4808-8BBE-A33C11522E82}.Debug|Any CPU.ActiveCfg = Debug|Any CPU
		{CEF9CE1B-51FB-4808-8BBE-A33C11522E82}.Debug|Any CPU.Build.0 = Debug|Any CPU
		{CEF9CE1B-51FB-4808-8BBE-A33C11522E82}.Release|Any CPU.ActiveCfg = Release|Any CPU
		{CEF9CE1B-51FB-4808-8BBE-A33C11522E82}.Release|Any CPU.Build.0 = Release|Any CPU
		{6FD1EB17-B6C6-4174-BE24-F762F7048F8D}.Debug|Any CPU.ActiveCfg = Debug|Any CPU
		{6FD1EB17-B6C6-4174-BE24-F762F7048F8D}.Debug|Any CPU.Build.0 = Debug|Any CPU
		{6FD1EB17-B6C6-4174-BE24-F762F7048F8D}.Release|Any CPU.ActiveCfg = Release|Any CPU
		{6FD1EB17-B6C6-4174-BE24-F762F7048F8D}.Release|Any CPU.Build.0 = Release|Any CPU
		{E908BD7F-4D22-47BA-8DE7-45F44F559CC5}.Debug|Any CPU.ActiveCfg = Debug|Any CPU
		{E908BD7F-4D22-47BA-8DE7-45F44F559CC5}.Debug|Any CPU.Build.0 = Debug|Any CPU
		{E908BD7F-4D22-47BA-8DE7-45F44F559CC5}.Release|Any CPU.ActiveCfg = Release|Any CPU
		{E908BD7F-4D22-47BA-8DE7-45F44F559CC5}.Release|Any CPU.Build.0 = Release|Any CPU
	EndGlobalSection
	GlobalSection(SolutionProperties) = preSolution
		HideSolutionNode = FALSE
	EndGlobalSection
	GlobalSection(NestedProjects) = preSolution
		{969BF751-4DB3-4208-805F-954678E21A66} = {3B41A948-0FA1-4F6F-A2A8-CA6E5ED5283E}
		{3B41A948-0FA1-4F6F-A2A8-CA6E5ED5283E} = {D1BC6FDD-A2FE-4B69-9837-DC865C9DF015}
		{59D73042-38A3-4CF2-B94B-F2718A045F32} = {D1BC6FDD-A2FE-4B69-9837-DC865C9DF015}
		{1BC12F66-CC6E-4B8A-B2C3-E69D337C1C5C} = {D1BC6FDD-A2FE-4B69-9837-DC865C9DF015}
		{0966E386-5C01-4637-9869-51E3D96E18E0} = {59D73042-38A3-4CF2-B94B-F2718A045F32}
		{CEF9CE1B-51FB-4808-8BBE-A33C11522E82} = {59D73042-38A3-4CF2-B94B-F2718A045F32}
		{6FD1EB17-B6C6-4174-BE24-F762F7048F8D} = {1BC12F66-CC6E-4B8A-B2C3-E69D337C1C5C}
		{E908BD7F-4D22-47BA-8DE7-45F44F559CC5} = {1BC12F66-CC6E-4B8A-B2C3-E69D337C1C5C}
		{D411D362-5286-49A5-8F5F-BAFDE5E82F6E} = {3B41A948-0FA1-4F6F-A2A8-CA6E5ED5283E}
		{DBF9793D-9534-47D8-AB39-736F74A43F2F} = {D411D362-5286-49A5-8F5F-BAFDE5E82F6E}
	EndGlobalSection
	GlobalSection(ExtensibilityGlobals) = postSolution
		SolutionGuid = {E9CF88CA-0A64-4E6C-9A89-717F59E86A06}
	EndGlobalSection
EndGlobal
